
Microsoft Visual Studio Solution File, Format Version 11.00
# Visual Studio 2010
Project("{FAE04EC0-301F-11D3-BF4B-00C04F79EFBC}") = "Youli_Data_Share", "Youli_Data_Share\Youli_Data_Share.csproj", "{4334142D-5BBB-4DD0-8911-2C1C3895D32F}"
EndProject
Global
	GlobalSection(SolutionConfigurationPlatforms) = preSolution
		Debug|x86 = Debug|x86
		Release|x86 = Release|x86
	EndGlobalSection
	GlobalSection(ProjectConfigurationPlatforms) = postSolution
		{4334142D-5BBB-4DD0-8911-2C1C3895D32F}.Debug|x86.ActiveCfg = Debug|x86
		{4334142D-5BBB-4DD0-8911-2C1C3895D32F}.Debug|x86.Build.0 = Debug|x86
		{4334142D-5BBB-4DD0-8911-2C1C3895D32F}.Release|x86.ActiveCfg = Release|x86
		{4334142D-5BBB-4DD0-8911-2C1C3895D32F}.Release|x86.Build.0 = Release|x86
	EndGlobalSection
	GlobalSection(SolutionProperties) = preSolution
		HideSolutionNode = FALSE
	EndGlobalSection
EndGlobal
